
Microsoft Visual Studio Solution File, Format Version 12.00
# Visual Studio Version 17
VisualStudioVersion = 17.5.002.0
MinimumVisualStudioVersion = 10.0.40219.1
Project("{2150E333-8FDC-42A3-9474-1A3956D46DE8}") = "BuildingBlocks", "BuildingBlocks", "{7A56FD79-034F-467D-A66B-7F2F79E0EDEC}"
EndProject
Project("{9A19103F-16F7-4668-BE54-9A1E7A4F7556}") = "BuildingBlocks.Messaging", "BuildingBlocks\BuildingBlocks.Messaging\BuildingBlocks.Messaging.csproj", "{7AB8B271-C8DE-44B2-B4C8-8E848DD4FCE4}"
EndProject
Project("{9A19103F-16F7-4668-BE54-9A1E7A4F7556}") = "BuildingBlocks", "BuildingBlocks\BuildingBlocks\BuildingBlocks.csproj", "{4A327AB7-C0D1-4FB5-99EA-89FB19A9887B}"
EndProject
Project("{2150E333-8FDC-42A3-9474-1A3956D46DE8}") = "Services", "Services", "{4ED94573-D306-443D-8B13-C683758985A8}"
EndProject
Project("{9A19103F-16F7-4668-BE54-9A1E7A4F7556}") = "Discount.Grpc", "Services\Discount.Grpc\Discount.Grpc.csproj", "{A5AEED97-BCA5-429F-87C6-1619ABB4E8A8}"
EndProject
Project("{9A19103F-16F7-4668-BE54-9A1E7A4F7556}") = "Basket.API", "Services\Basket.API\Basket.API.csproj", "{343BD5E3-F0D8-4D81-8695-4FE847764A95}"
EndProject
Project("{9A19103F-16F7-4668-BE54-9A1E7A4F7556}") = "Catalog.API", "Services\Catalog.API\Catalog.API.csproj", "{2A2E469D-149E-4769-B9B1-94A278BCE1EC}"
EndProject
Project("{2150E333-8FDC-42A3-9474-1A3956D46DE8}") = "Ordering", "Ordering", "{8D2A1461-0801-4EA6-B727-7D83C846DDE2}"
EndProject
Project("{9A19103F-16F7-4668-BE54-9A1E7A4F7556}") = "Ordering.Application", "Services\Ordering\Ordering.Application\Ordering.Application.csproj", "{2D199D82-C8F2-4945-A3A0-DE8F80409E7C}"
EndProject
Project("{9A19103F-16F7-4668-BE54-9A1E7A4F7556}") = "Ordering.Domain", "Services\Ordering\Ordering.Domain\Ordering.Domain.csproj", "{2225C559-B3B5-4326-A6DF-33798119208A}"
EndProject
Project("{9A19103F-16F7-4668-BE54-9A1E7A4F7556}") = "Ordering.Infrastructure", "Services\Ordering\Ordering.Infrastructure\Ordering.Infrastructure.csproj", "{9EE51D90-3661-4170-917F-B507AA3E765A}"
EndProject
Project("{9A19103F-16F7-4668-BE54-9A1E7A4F7556}") = "Ordering.API", "Services\Ordering\Ordering.API\Ordering.API.csproj", "{35A56C8F-147B-4905-AEE3-AB4FBFDAB653}"
EndProject
Project("{FAE04EC0-301F-11D3-BF4B-00C04F79EFBC}") = "YarpApiGateway", "YarpApiGateway\YarpApiGateway.csproj", "{5CDDD7BC-5652-4ED4-A48A-49913BA26611}"
EndProject
Project("{2150E333-8FDC-42A3-9474-1A3956D46DE8}") = "Solution Items", "Solution Items", "{41F501E7-869A-4944-BF20-0CC3C5F52AFB}"
	ProjectSection(SolutionItems) = preProject
		compose.yml = compose.yml
		compose.override.yml = compose.override.yml
	EndProjectSection
EndProject
Global
	GlobalSection(SolutionConfigurationPlatforms) = preSolution
		Debug|Any CPU = Debug|Any CPU
		Release|Any CPU = Release|Any CPU
	EndGlobalSection
	GlobalSection(ProjectConfigurationPlatforms) = postSolution
		{7AB8B271-C8DE-44B2-B4C8-8E848DD4FCE4}.Debug|Any CPU.ActiveCfg = Debug|Any CPU
		{7AB8B271-C8DE-44B2-B4C8-8E848DD4FCE4}.Debug|Any CPU.Build.0 = Debug|Any CPU
		{7AB8B271-C8DE-44B2-B4C8-8E848DD4FCE4}.Release|Any CPU.ActiveCfg = Release|Any CPU
		{7AB8B271-C8DE-44B2-B4C8-8E848DD4FCE4}.Release|Any CPU.Build.0 = Release|Any CPU
		{4A327AB7-C0D1-4FB5-99EA-89FB19A9887B}.Debug|Any CPU.ActiveCfg = Debug|Any CPU
		{4A327AB7-C0D1-4FB5-99EA-89FB19A9887B}.Debug|Any CPU.Build.0 = Debug|Any CPU
		{4A327AB7-C0D1-4FB5-99EA-89FB19A9887B}.Release|Any CPU.ActiveCfg = Release|Any CPU
		{4A327AB7-C0D1-4FB5-99EA-89FB19A9887B}.Release|Any CPU.Build.0 = Release|Any CPU
		{A5AEED97-BCA5-429F-87C6-1619ABB4E8A8}.Debug|Any CPU.ActiveCfg = Debug|Any CPU
		{A5AEED97-BCA5-429F-87C6-1619ABB4E8A8}.Debug|Any CPU.Build.0 = Debug|Any CPU
		{A5AEED97-BCA5-429F-87C6-1619ABB4E8A8}.Release|Any CPU.ActiveCfg = Release|Any CPU
		{A5AEED97-BCA5-429F-87C6-1619ABB4E8A8}.Release|Any CPU.Build.0 = Release|Any CPU
		{343BD5E3-F0D8-4D81-8695-4FE847764A95}.Debug|Any CPU.ActiveCfg = Debug|Any CPU
		{343BD5E3-F0D8-4D81-8695-4FE847764A95}.Debug|Any CPU.Build.0 = Debug|Any CPU
		{343BD5E3-F0D8-4D81-8695-4FE847764A95}.Release|Any CPU.ActiveCfg = Release|Any CPU
		{343BD5E3-F0D8-4D81-8695-4FE847764A95}.Release|Any CPU.Build.0 = Release|Any CPU
		{2A2E469D-149E-4769-B9B1-94A278BCE1EC}.Debug|Any CPU.ActiveCfg = Debug|Any CPU
		{2A2E469D-149E-4769-B9B1-94A278BCE1EC}.Debug|Any CPU.Build.0 = Debug|Any CPU
		{2A2E469D-149E-4769-B9B1-94A278BCE1EC}.Release|Any CPU.ActiveCfg = Release|Any CPU
		{2A2E469D-149E-4769-B9B1-94A278BCE1EC}.Release|Any CPU.Build.0 = Release|Any CPU
		{2D199D82-C8F2-4945-A3A0-DE8F80409E7C}.Debug|Any CPU.ActiveCfg = Debug|Any CPU
		{2D199D82-C8F2-4945-A3A0-DE8F80409E7C}.Debug|Any CPU.Build.0 = Debug|Any CPU
		{2D199D82-C8F2-4945-A3A0-DE8F80409E7C}.Release|Any CPU.ActiveCfg = Release|Any CPU
		{2D199D82-C8F2-4945-A3A0-DE8F80409E7C}.Release|Any CPU.Build.0 = Release|Any CPU
		{2225C559-B3B5-4326-A6DF-33798119208A}.Debug|Any CPU.ActiveCfg = Debug|Any CPU
		{2225C559-B3B5-4326-A6DF-33798119208A}.Debug|Any CPU.Build.0 = Debug|Any CPU
		{2225C559-B3B5-4326-A6DF-33798119208A}.Release|Any CPU.ActiveCfg = Release|Any CPU
		{2225C559-B3B5-4326-A6DF-33798119208A}.Release|Any CPU.Build.0 = Release|Any CPU
		{9EE51D90-3661-4170-917F-B507AA3E765A}.Debug|Any CPU.ActiveCfg = Debug|Any CPU
		{9EE51D90-3661-4170-917F-B507AA3E765A}.Debug|Any CPU.Build.0 = Debug|Any CPU
		{9EE51D90-3661-4170-917F-B507AA3E765A}.Release|Any CPU.ActiveCfg = Release|Any CPU
		{9EE51D90-3661-4170-917F-B507AA3E765A}.Release|Any CPU.Build.0 = Release|Any CPU
		{35A56C8F-147B-4905-AEE3-AB4FBFDAB653}.Debug|Any CPU.ActiveCfg = Debug|Any CPU
		{35A56C8F-147B-4905-AEE3-AB4FBFDAB653}.Debug|Any CPU.Build.0 = Debug|Any CPU
		{35A56C8F-147B-4905-AEE3-AB4FBFDAB653}.Release|Any CPU.ActiveCfg = Release|Any CPU
		{35A56C8F-147B-4905-AEE3-AB4FBFDAB653}.Release|Any CPU.Build.0 = Release|Any CPU
		{5CDDD7BC-5652-4ED4-A48A-49913BA26611}.Debug|Any CPU.ActiveCfg = Debug|Any CPU
		{5CDDD7BC-5652-4ED4-A48A-49913BA26611}.Debug|Any CPU.Build.0 = Debug|Any CPU
		{5CDDD7BC-5652-4ED4-A48A-49913BA26611}.Release|Any CPU.ActiveCfg = Release|Any CPU
		{5CDDD7BC-5652-4ED4-A48A-49913BA26611}.Release|Any CPU.Build.0 = Release|Any CPU
	EndGlobalSection
	GlobalSection(SolutionProperties) = preSolution
		HideSolutionNode = FALSE
	EndGlobalSection
	GlobalSection(NestedProjects) = preSolution
		{7AB8B271-C8DE-44B2-B4C8-8E848DD4FCE4} = {7A56FD79-034F-467D-A66B-7F2F79E0EDEC}
		{4A327AB7-C0D1-4FB5-99EA-89FB19A9887B} = {7A56FD79-034F-467D-A66B-7F2F79E0EDEC}
		{A5AEED97-BCA5-429F-87C6-1619ABB4E8A8} = {4ED94573-D306-443D-8B13-C683758985A8}
		{343BD5E3-F0D8-4D81-8695-4FE847764A95} = {4ED94573-D306-443D-8B13-C683758985A8}
		{2A2E469D-149E-4769-B9B1-94A278BCE1EC} = {4ED94573-D306-443D-8B13-C683758985A8}
		{8D2A1461-0801-4EA6-B727-7D83C846DDE2} = {4ED94573-D306-443D-8B13-C683758985A8}
		{2D199D82-C8F2-4945-A3A0-DE8F80409E7C} = {8D2A1461-0801-4EA6-B727-7D83C846DDE2}
		{2225C559-B3B5-4326-A6DF-33798119208A} = {8D2A1461-0801-4EA6-B727-7D83C846DDE2}
		{9EE51D90-3661-4170-917F-B507AA3E765A} = {8D2A1461-0801-4EA6-B727-7D83C846DDE2}
		{35A56C8F-147B-4905-AEE3-AB4FBFDAB653} = {8D2A1461-0801-4EA6-B727-7D83C846DDE2}
	EndGlobalSection
	GlobalSection(ExtensibilityGlobals) = postSolution
		SolutionGuid = {7E49BBBC-5EE6-4F84-8A17-EC428640B0EC}
	EndGlobalSection
EndGlobal
